// !$*UTF8*$!
{
	archiveVersion = 1;
	classes = {
	};
	objectVersion = 46;
	objects = {

/* Begin PBXBuildFile section */
		F65B8DA6D6F69B695E9F6B46 /* Pods.framework in Frameworks */ = {isa = PBXBuildFile; fileRef = 4DD46866AA9CD846C506CDA2 /* Pods.framework */; };
		F762B6FE1BD5BA5200DA9D24 /* AppDelegate.swift in Sources */ = {isa = PBXBuildFile; fileRef = F762B6FD1BD5BA5200DA9D24 /* AppDelegate.swift */; };
		F762B7031BD5BA5200DA9D24 /* Main.storyboard in Resources */ = {isa = PBXBuildFile; fileRef = F762B7011BD5BA5200DA9D24 /* Main.storyboard */; };
		F762B7051BD5BA5200DA9D24 /* Assets.xcassets in Resources */ = {isa = PBXBuildFile; fileRef = F762B7041BD5BA5200DA9D24 /* Assets.xcassets */; };
		F762B7081BD5BA5200DA9D24 /* LaunchScreen.storyboard in Resources */ = {isa = PBXBuildFile; fileRef = F762B7061BD5BA5200DA9D24 /* LaunchScreen.storyboard */; };
		F7988E361BD5C326005D9B51 /* PageViewController.swift in Sources */ = {isa = PBXBuildFile; fileRef = F7988E351BD5C326005D9B51 /* PageViewController.swift */; settings = {ASSET_TAGS = (); }; };
		F7988E381BD5C35A005D9B51 /* ListViewController.swift in Sources */ = {isa = PBXBuildFile; fileRef = F7988E371BD5C35A005D9B51 /* ListViewController.swift */; settings = {ASSET_TAGS = (); }; };
		F7988E3A1BD5E862005D9B51 /* ListItem.swift in Sources */ = {isa = PBXBuildFile; fileRef = F7988E391BD5E862005D9B51 /* ListItem.swift */; settings = {ASSET_TAGS = (); }; };
		F7988E3C1BD5E8DF005D9B51 /* ListItemCell.swift in Sources */ = {isa = PBXBuildFile; fileRef = F7988E3B1BD5E8DF005D9B51 /* ListItemCell.swift */; settings = {ASSET_TAGS = (); }; };
		F7988E3E1BD5F159005D9B51 /* List.swift in Sources */ = {isa = PBXBuildFile; fileRef = F7988E3D1BD5F159005D9B51 /* List.swift */; settings = {ASSET_TAGS = (); }; };
		F7988E401BD5F2C2005D9B51 /* ListOrganizerViewController.swift in Sources */ = {isa = PBXBuildFile; fileRef = F7988E3F1BD5F2C2005D9B51 /* ListOrganizerViewController.swift */; settings = {ASSET_TAGS = (); }; };
		F7988E421BD5F712005D9B51 /* ColorDictionary.swift in Sources */ = {isa = PBXBuildFile; fileRef = F7988E411BD5F712005D9B51 /* ColorDictionary.swift */; settings = {ASSET_TAGS = (); }; };
/* End PBXBuildFile section */

/* Begin PBXFileReference section */
		4DD46866AA9CD846C506CDA2 /* Pods.framework */ = {isa = PBXFileReference; explicitFileType = wrapper.framework; includeInIndex = 0; path = Pods.framework; sourceTree = BUILT_PRODUCTS_DIR; };
		95149FEF4A690353A7D820CC /* Pods.release.xcconfig */ = {isa = PBXFileReference; includeInIndex = 1; lastKnownFileType = text.xcconfig; name = Pods.release.xcconfig; path = "Pods/Target Support Files/Pods/Pods.release.xcconfig"; sourceTree = "<group>"; };
		F762B6FA1BD5BA5200DA9D24 /* VRSN.app */ = {isa = PBXFileReference; explicitFileType = wrapper.application; includeInIndex = 0; path = VRSN.app; sourceTree = BUILT_PRODUCTS_DIR; };
		F762B6FD1BD5BA5200DA9D24 /* AppDelegate.swift */ = {isa = PBXFileReference; lastKnownFileType = sourcecode.swift; path = AppDelegate.swift; sourceTree = "<group>"; };
		F762B7021BD5BA5200DA9D24 /* Base */ = {isa = PBXFileReference; lastKnownFileType = file.storyboard; name = Base; path = Base.lproj/Main.storyboard; sourceTree = "<group>"; };
		F762B7041BD5BA5200DA9D24 /* Assets.xcassets */ = {isa = PBXFileReference; lastKnownFileType = folder.assetcatalog; path = Assets.xcassets; sourceTree = "<group>"; };
		F762B7071BD5BA5200DA9D24 /* Base */ = {isa = PBXFileReference; lastKnownFileType = file.storyboard; name = Base; path = Base.lproj/LaunchScreen.storyboard; sourceTree = "<group>"; };
		F762B7091BD5BA5200DA9D24 /* Info.plist */ = {isa = PBXFileReference; lastKnownFileType = text.plist.xml; path = Info.plist; sourceTree = "<group>"; };
		F7988E351BD5C326005D9B51 /* PageViewController.swift */ = {isa = PBXFileReference; fileEncoding = 4; lastKnownFileType = sourcecode.swift; path = PageViewController.swift; sourceTree = "<group>"; };
		F7988E371BD5C35A005D9B51 /* ListViewController.swift */ = {isa = PBXFileReference; fileEncoding = 4; lastKnownFileType = sourcecode.swift; path = ListViewController.swift; sourceTree = "<group>"; };
		F7988E391BD5E862005D9B51 /* ListItem.swift */ = {isa = PBXFileReference; fileEncoding = 4; lastKnownFileType = sourcecode.swift; path = ListItem.swift; sourceTree = "<group>"; };
		F7988E3B1BD5E8DF005D9B51 /* ListItemCell.swift */ = {isa = PBXFileReference; fileEncoding = 4; lastKnownFileType = sourcecode.swift; path = ListItemCell.swift; sourceTree = "<group>"; };
		F7988E3D1BD5F159005D9B51 /* List.swift */ = {isa = PBXFileReference; fileEncoding = 4; lastKnownFileType = sourcecode.swift; path = List.swift; sourceTree = "<group>"; };
		F7988E3F1BD5F2C2005D9B51 /* ListOrganizerViewController.swift */ = {isa = PBXFileReference; fileEncoding = 4; lastKnownFileType = sourcecode.swift; path = ListOrganizerViewController.swift; sourceTree = "<group>"; };
		F7988E411BD5F712005D9B51 /* ColorDictionary.swift */ = {isa = PBXFileReference; fileEncoding = 4; lastKnownFileType = sourcecode.swift; path = ColorDictionary.swift; sourceTree = "<group>"; };
		FFEDFC6940621319C9584EED /* Pods.debug.xcconfig */ = {isa = PBXFileReference; includeInIndex = 1; lastKnownFileType = text.xcconfig; name = Pods.debug.xcconfig; path = "Pods/Target Support Files/Pods/Pods.debug.xcconfig"; sourceTree = "<group>"; };
/* End PBXFileReference section */

/* Begin PBXFrameworksBuildPhase section */
		F762B6F71BD5BA5200DA9D24 /* Frameworks */ = {
			isa = PBXFrameworksBuildPhase;
			buildActionMask = 2147483647;
			files = (
				F65B8DA6D6F69B695E9F6B46 /* Pods.framework in Frameworks */,
			);
			runOnlyForDeploymentPostprocessing = 0;
		};
/* End PBXFrameworksBuildPhase section */

/* Begin PBXGroup section */
		9B98D1A2895106FDA238BC8D /* Frameworks */ = {
			isa = PBXGroup;
			children = (
				4DD46866AA9CD846C506CDA2 /* Pods.framework */,
			);
			name = Frameworks;
			sourceTree = "<group>";
		};
		A12FD8FAF323B0A2314EB5B1 /* Pods */ = {
			isa = PBXGroup;
			children = (
				FFEDFC6940621319C9584EED /* Pods.debug.xcconfig */,
				95149FEF4A690353A7D820CC /* Pods.release.xcconfig */,
			);
			name = Pods;
			sourceTree = "<group>";
		};
		F762B6F11BD5BA5200DA9D24 = {
			isa = PBXGroup;
			children = (
				F762B6FC1BD5BA5200DA9D24 /* VRSN */,
				F762B6FB1BD5BA5200DA9D24 /* Products */,
				A12FD8FAF323B0A2314EB5B1 /* Pods */,
				9B98D1A2895106FDA238BC8D /* Frameworks */,
			);
			sourceTree = "<group>";
		};
		F762B6FB1BD5BA5200DA9D24 /* Products */ = {
			isa = PBXGroup;
			children = (
				F762B6FA1BD5BA5200DA9D24 /* VRSN.app */,
			);
			name = Products;
			sourceTree = "<group>";
		};
		F762B6FC1BD5BA5200DA9D24 /* VRSN */ = {
			isa = PBXGroup;
			children = (
				F762B6FD1BD5BA5200DA9D24 /* AppDelegate.swift */,
				F7B4A8351BD6EE1A00B82A88 /* View Controllers */,
				F7B4A8361BD6EE2700B82A88 /* Models */,
				F762B7011BD5BA5200DA9D24 /* Main.storyboard */,
				F762B7061BD5BA5200DA9D24 /* LaunchScreen.storyboard */,
				F762B7041BD5BA5200DA9D24 /* Assets.xcassets */,
				F762B7091BD5BA5200DA9D24 /* Info.plist */,
			);
			path = VRSN;
			sourceTree = "<group>";
		};
		F7B4A8351BD6EE1A00B82A88 /* View Controllers */ = {
			isa = PBXGroup;
			children = (
				F7988E351BD5C326005D9B51 /* PageViewController.swift */,
				F7988E371BD5C35A005D9B51 /* ListViewController.swift */,
				F7988E3F1BD5F2C2005D9B51 /* ListOrganizerViewController.swift */,
			);
			name = "View Controllers";
			sourceTree = "<group>";
		};
		F7B4A8361BD6EE2700B82A88 /* Models */ = {
			isa = PBXGroup;
			children = (
				F7988E391BD5E862005D9B51 /* ListItem.swift */,
				F7988E3B1BD5E8DF005D9B51 /* ListItemCell.swift */,
				F7988E3D1BD5F159005D9B51 /* List.swift */,
				F7988E411BD5F712005D9B51 /* ColorDictionary.swift */,
			);
			name = Models;
			sourceTree = "<group>";
		};
/* End PBXGroup section */

/* Begin PBXNativeTarget section */
		F762B6F91BD5BA5200DA9D24 /* VRSN */ = {
			isa = PBXNativeTarget;
			buildConfigurationList = F762B70C1BD5BA5200DA9D24 /* Build configuration list for PBXNativeTarget "VRSN" */;
			buildPhases = (
				A61DDFD508956599A3782506 /* Check Pods Manifest.lock */,
				F762B6F61BD5BA5200DA9D24 /* Sources */,
				F762B6F71BD5BA5200DA9D24 /* Frameworks */,
				F762B6F81BD5BA5200DA9D24 /* Resources */,
				028C403DE309A82CD02ECC10 /* Embed Pods Frameworks */,
				118952CB0A87949CED329B29 /* Copy Pods Resources */,
			);
			buildRules = (
			);
			dependencies = (
			);
			name = VRSN;
			productName = VRSN;
			productReference = F762B6FA1BD5BA5200DA9D24 /* VRSN.app */;
			productType = "com.apple.product-type.application";
		};
/* End PBXNativeTarget section */

/* Begin PBXProject section */
		F762B6F21BD5BA5200DA9D24 /* Project object */ = {
			isa = PBXProject;
			attributes = {
				LastUpgradeCheck = 0700;
				ORGANIZATIONNAME = "Patrick Adams";
				TargetAttributes = {
					F762B6F91BD5BA5200DA9D24 = {
						CreatedOnToolsVersion = 7.0.1;
					};
				};
			};
			buildConfigurationList = F762B6F51BD5BA5200DA9D24 /* Build configuration list for PBXProject "VRSN" */;
			compatibilityVersion = "Xcode 3.2";
			developmentRegion = English;
			hasScannedForEncodings = 0;
			knownRegions = (
				en,
				Base,
			);
			mainGroup = F762B6F11BD5BA5200DA9D24;
			productRefGroup = F762B6FB1BD5BA5200DA9D24 /* Products */;
			projectDirPath = "";
			projectRoot = "";
			targets = (
				F762B6F91BD5BA5200DA9D24 /* VRSN */,
			);
		};
/* End PBXProject section */

/* Begin PBXResourcesBuildPhase section */
		F762B6F81BD5BA5200DA9D24 /* Resources */ = {
			isa = PBXResourcesBuildPhase;
			buildActionMask = 2147483647;
			files = (
				F762B7081BD5BA5200DA9D24 /* LaunchScreen.storyboard in Resources */,
				F762B7051BD5BA5200DA9D24 /* Assets.xcassets in Resources */,
				F762B7031BD5BA5200DA9D24 /* Main.storyboard in Resources */,
			);
			runOnlyForDeploymentPostprocessing = 0;
		};
/* End PBXResourcesBuildPhase section */

/* Begin PBXShellScriptBuildPhase section */
		028C403DE309A82CD02ECC10 /* Embed Pods Frameworks */ = {
			isa = PBXShellScriptBuildPhase;
			buildActionMask = 2147483647;
			files = (
			);
			inputPaths = (
			);
			name = "Embed Pods Frameworks";
			outputPaths = (
			);
			runOnlyForDeploymentPostprocessing = 0;
			shellPath = /bin/sh;
			shellScript = "\"${SRCROOT}/Pods/Target Support Files/Pods/Pods-frameworks.sh\"\n";
			showEnvVarsInLog = 0;
		};
		118952CB0A87949CED329B29 /* Copy Pods Resources */ = {
			isa = PBXShellScriptBuildPhase;
			buildActionMask = 2147483647;
			files = (
			);
			inputPaths = (
			);
			name = "Copy Pods Resources";
			outputPaths = (
			);
			runOnlyForDeploymentPostprocessing = 0;
			shellPath = /bin/sh;
			shellScript = "\"${SRCROOT}/Pods/Target Support Files/Pods/Pods-resources.sh\"\n";
			showEnvVarsInLog = 0;
		};
		A61DDFD508956599A3782506 /* Check Pods Manifest.lock */ = {
			isa = PBXShellScriptBuildPhase;
			buildActionMask = 2147483647;
			files = (
			);
			inputPaths = (
			);
			name = "Check Pods Manifest.lock";
			outputPaths = (
			);
			runOnlyForDeploymentPostprocessing = 0;
			shellPath = /bin/sh;
			shellScript = "diff \"${PODS_ROOT}/../Podfile.lock\" \"${PODS_ROOT}/Manifest.lock\" > /dev/null\nif [[ $? != 0 ]] ; then\n    cat << EOM\nerror: The sandbox is not in sync with the Podfile.lock. Run 'pod install' or update your CocoaPods installation.\nEOM\n    exit 1\nfi\n";
			showEnvVarsInLog = 0;
		};
/* End PBXShellScriptBuildPhase section */

/* Begin PBXSourcesBuildPhase section */
		F762B6F61BD5BA5200DA9D24 /* Sources */ = {
			isa = PBXSourcesBuildPhase;
			buildActionMask = 2147483647;
			files = (
				F762B6FE1BD5BA5200DA9D24 /* AppDelegate.swift in Sources */,
				F7988E361BD5C326005D9B51 /* PageViewController.swift in Sources */,
				F7988E401BD5F2C2005D9B51 /* ListOrganizerViewController.swift in Sources */,
				F7988E3C1BD5E8DF005D9B51 /* ListItemCell.swift in Sources */,
				F7988E3A1BD5E862005D9B51 /* ListItem.swift in Sources */,
				F7988E421BD5F712005D9B51 /* ColorDictionary.swift in Sources */,
				F7988E381BD5C35A005D9B51 /* ListViewController.swift in Sources */,
				F7988E3E1BD5F159005D9B51 /* List.swift in Sources */,
			);
			runOnlyForDeploymentPostprocessing = 0;
		};
/* End PBXSourcesBuildPhase section */

/* Begin PBXVariantGroup section */
		F762B7011BD5BA5200DA9D24 /* Main.storyboard */ = {
			isa = PBXVariantGroup;
			children = (
				F762B7021BD5BA5200DA9D24 /* Base */,
			);
			name = Main.storyboard;
			sourceTree = "<group>";
		};
		F762B7061BD5BA5200DA9D24 /* LaunchScreen.storyboard */ = {
			isa = PBXVariantGroup;
			children = (
				F762B7071BD5BA5200DA9D24 /* Base */,
			);
			name = LaunchScreen.storyboard;
			sourceTree = "<group>";
		};
/* End PBXVariantGroup section */

/* Begin XCBuildConfiguration section */
		F762B70A1BD5BA5200DA9D24 /* Debug */ = {
			isa = XCBuildConfiguration;
			buildSettings = {
				ALWAYS_SEARCH_USER_PATHS = NO;
				CLANG_CXX_LANGUAGE_STANDARD = "gnu++0x";
				CLANG_CXX_LIBRARY = "libc++";
				CLANG_ENABLE_MODULES = YES;
				CLANG_ENABLE_OBJC_ARC = YES;
				CLANG_WARN_BOOL_CONVERSION = YES;
				CLANG_WARN_CONSTANT_CONVERSION = YES;
				CLANG_WARN_DIRECT_OBJC_ISA_USAGE = YES_ERROR;
				CLANG_WARN_EMPTY_BODY = YES;
				CLANG_WARN_ENUM_CONVERSION = YES;
				CLANG_WARN_INT_CONVERSION = YES;
				CLANG_WARN_OBJC_ROOT_CLASS = YES_ERROR;
				CLANG_WARN_UNREACHABLE_CODE = YES;
				CLANG_WARN__DUPLICATE_METHOD_MATCH = YES;
				"CODE_SIGN_IDENTITY[sdk=iphoneos*]" = "iPhone Developer";
				COPY_PHASE_STRIP = NO;
				DEBUG_INFORMATION_FORMAT = dwarf;
				ENABLE_STRICT_OBJC_MSGSEND = YES;
				ENABLE_TESTABILITY = YES;
				GCC_C_LANGUAGE_STANDARD = gnu99;
				GCC_DYNAMIC_NO_PIC = NO;
				GCC_NO_COMMON_BLOCKS = YES;
				GCC_OPTIMIZATION_LEVEL = 0;
				GCC_PREPROCESSOR_DEFINITIONS = (
					"DEBUG=1",
					"$(inherited)",
				);
				GCC_WARN_64_TO_32_BIT_CONVERSION = YES;
				GCC_WARN_ABOUT_RETURN_TYPE = YES_ERROR;
				GCC_WARN_UNDECLARED_SELECTOR = YES;
				GCC_WARN_UNINITIALIZED_AUTOS = YES_AGGRESSIVE;
				GCC_WARN_UNUSED_FUNCTION = YES;
				GCC_WARN_UNUSED_VARIABLE = YES;
				IPHONEOS_DEPLOYMENT_TARGET = 9.0;
				MTL_ENABLE_DEBUG_INFO = YES;
				ONLY_ACTIVE_ARCH = YES;
				SDKROOT = iphoneos;
				SWIFT_OPTIMIZATION_LEVEL = "-Onone";
			};
			name = Debug;
		};
		F762B70B1BD5BA5200DA9D24 /* Release */ = {
			isa = XCBuildConfiguration;
			buildSettings = {
				ALWAYS_SEARCH_USER_PATHS = NO;
				CLANG_CXX_LANGUAGE_STANDARD = "gnu++0x";
				CLANG_CXX_LIBRARY = "libc++";
				CLANG_ENABLE_MODULES = YES;
				CLANG_ENABLE_OBJC_ARC = YES;
				CLANG_WARN_BOOL_CONVERSION = YES;
				CLANG_WARN_CONSTANT_CONVERSION = YES;
				CLANG_WARN_DIRECT_OBJC_ISA_USAGE = YES_ERROR;
				CLANG_WARN_EMPTY_BODY = YES;
				CLANG_WARN_ENUM_CONVERSION = YES;
				CLANG_WARN_INT_CONVERSION = YES;
				CLANG_WARN_OBJC_ROOT_CLASS = YES_ERROR;
				CLANG_WARN_UNREACHABLE_CODE = YES;
				CLANG_WARN__DUPLICATE_METHOD_MATCH = YES;
				"CODE_SIGN_IDENTITY[sdk=iphoneos*]" = "iPhone Developer";
				COPY_PHASE_STRIP = NO;
				DEBUG_INFORMATION_FORMAT = "dwarf-with-dsym";
				ENABLE_NS_ASSERTIONS = NO;
				ENABLE_STRICT_OBJC_MSGSEND = YES;
				GCC_C_LANGUAGE_STANDARD = gnu99;
				GCC_NO_COMMON_BLOCKS = YES;
				GCC_WARN_64_TO_32_BIT_CONVERSION = YES;
				GCC_WARN_ABOUT_RETURN_TYPE = YES_ERROR;
				GCC_WARN_UNDECLARED_SELECTOR = YES;
				GCC_WARN_UNINITIALIZED_AUTOS = YES_AGGRESSIVE;
				GCC_WARN_UNUSED_FUNCTION = YES;
				GCC_WARN_UNUSED_VARIABLE = YES;
				IPHONEOS_DEPLOYMENT_TARGET = 9.0;
				MTL_ENABLE_DEBUG_INFO = NO;
				SDKROOT = iphoneos;
				VALIDATE_PRODUCT = YES;
			};
			name = Release;
		};
		F762B70D1BD5BA5200DA9D24 /* Debug */ = {
			isa = XCBuildConfiguration;
			baseConfigurationReference = FFEDFC6940621319C9584EED /* Pods.debug.xcconfig */;
			buildSettings = {
				ASSETCATALOG_COMPILER_APPICON_NAME = AppIcon;
				INFOPLIST_FILE = VRSN/Info.plist;
				LD_RUNPATH_SEARCH_PATHS = "$(inherited) @executable_path/Frameworks";
				PRODUCT_BUNDLE_IDENTIFIER = com.PatrickAdams.VRSN;
				PRODUCT_NAME = "$(TARGET_NAME)";
			};
			name = Debug;
		};
		F762B70E1BD5BA5200DA9D24 /* Release */ = {
			isa = XCBuildConfiguration;
			baseConfigurationReference = 95149FEF4A690353A7D820CC /* Pods.release.xcconfig */;
			buildSettings = {
				ASSETCATALOG_COMPILER_APPICON_NAME = AppIcon;
				INFOPLIST_FILE = VRSN/Info.plist;
				LD_RUNPATH_SEARCH_PATHS = "$(inherited) @executable_path/Frameworks";
				PRODUCT_BUNDLE_IDENTIFIER = com.PatrickAdams.VRSN;
				PRODUCT_NAME = "$(TARGET_NAME)";
			};
			name = Release;
		};
/* End XCBuildConfiguration section */

/* Begin XCConfigurationList section */
		F762B6F51BD5BA5200DA9D24 /* Build configuration list for PBXProject "VRSN" */ = {
			isa = XCConfigurationList;
			buildConfigurations = (
				F762B70A1BD5BA5200DA9D24 /* Debug */,
				F762B70B1BD5BA5200DA9D24 /* Release */,
			);
			defaultConfigurationIsVisible = 0;
			defaultConfigurationName = Release;
		};
		F762B70C1BD5BA5200DA9D24 /* Build configuration list for PBXNativeTarget "VRSN" */ = {
			isa = XCConfigurationList;
			buildConfigurations = (
				F762B70D1BD5BA5200DA9D24 /* Debug */,
				F762B70E1BD5BA5200DA9D24 /* Release */,
			);
			defaultConfigurationIsVisible = 0;
			defaultConfigurationName = Release;
		};
/* End XCConfigurationList section */
	};
	rootObject = F762B6F21BD5BA5200DA9D24 /* Project object */;
}
